PODS:
  - Masonry (1.1.0)
  - TYAlertController (1.2.0)

DEPENDENCIES:
  - Masonry
  - TYAlertController

SPEC REPOS:
  https://github.com/cocoapods/specs.git:
    - Masonry
    - TYAlertController

SPEC CHECKSUMS:
  Masonry: 678fab65091a9290e40e2832a55e7ab731aad201
  TYAlertController: c121090edb0bea7426f987da94cdddd81eef4231

PODFILE CHECKSUM: 358050a4878e48def0ba6c18fe7bb537a7f37306

COCOAPODS: 1.5.2
